
Microsoft Visual Studio Solution File, Format Version 12.00
# Visual Studio Version 16
VisualStudioVersion = 16.0.30804.86
MinimumVisualStudioVersion = 10.0.40219.1
Project("{FAE04EC0-301F-11D3-BF4B-00C04F79EFBC}") = "WDLT.Clients.Fonbet", "WDLT.Fonbet\WDLT.Clients.Fonbet.csproj", "{91BCFC49-1727-4912-B236-0332B0B97378}"
EndProject
Project("{9A19103F-16F7-4668-BE54-9A1E7A4F7556}") = "WDLT.Clients.Base", "..\WDLT.Clients.Base\WDLT.Clients.Base\WDLT.Clients.Base.csproj", "{6812621D-568B-452C-9505-B25065FF5649}"
EndProject
Global
	GlobalSection(SolutionConfigurationPlatforms) = preSolution
		Debug|Any CPU = Debug|Any CPU
		Release|Any CPU = Release|Any CPU
	EndGlobalSection
	GlobalSection(ProjectConfigurationPlatforms) = postSolution
		{91BCFC49-1727-4912-B236-0332B0B97378}.Debug|Any CPU.ActiveCfg = Debug|Any CPU
		{91BCFC49-1727-4912-B236-0332B0B97378}.Debug|Any CPU.Build.0 = Debug|Any CPU
		{91BCFC49-1727-4912-B236-0332B0B97378}.Release|Any CPU.ActiveCfg = Release|Any CPU
		{91BCFC49-1727-4912-B236-0332B0B97378}.Release|Any CPU.Build.0 = Release|Any CPU
		{6812621D-568B-452C-9505-B25065FF5649}.Debug|Any CPU.ActiveCfg = Debug|Any CPU
		{6812621D-568B-452C-9505-B25065FF5649}.Debug|Any CPU.Build.0 = Debug|Any CPU
		{6812621D-568B-452C-9505-B25065FF5649}.Release|Any CPU.ActiveCfg = Release|Any CPU
		{6812621D-568B-452C-9505-B25065FF5649}.Release|Any CPU.Build.0 = Release|Any CPU
	EndGlobalSection
	GlobalSection(SolutionProperties) = preSolution
		HideSolutionNode = FALSE
	EndGlobalSection
	GlobalSection(ExtensibilityGlobals) = postSolution
		SolutionGuid = {CAC71F0E-955F-4F32-B0DF-BA84AA5C0A40}
	EndGlobalSection
EndGlobal
